
Microsoft Visual Studio Solution File, Format Version 12.00
# Visual Studio Version 17
VisualStudioVersion = 17.2.32616.157
MinimumVisualStudioVersion = 10.0.40219.1
Project("{FAE04EC0-301F-11D3-BF4B-00C04F79EFBC}") = "WindowsFormsApp1", "WindowsFormsApp1\WindowsFormsApp1.csproj", "{996A53C2-5DF5-4644-AC6E-1AA93550E9C1}"
EndProject
Global
	GlobalSection(SolutionConfigurationPlatforms) = preSolution
		Debug|Any CPU = Debug|Any CPU
		Release|Any CPU = Release|Any CPU
	EndGlobalSection
	GlobalSection(ProjectConfigurationPlatforms) = postSolution
		{996A53C2-5DF5-4644-AC6E-1AA93550E9C1}.Debug|Any CPU.ActiveCfg = Debug|Any CPU
		{996A53C2-5DF5-4644-AC6E-1AA93550E9C1}.Debug|Any CPU.Build.0 = Debug|Any CPU
		{996A53C2-5DF5-4644-AC6E-1AA93550E9C1}.Release|Any CPU.ActiveCfg = Release|Any CPU
		{996A53C2-5DF5-4644-AC6E-1AA93550E9C1}.Release|Any CPU.Build.0 = Release|Any CPU
	EndGlobalSection
	GlobalSection(SolutionProperties) = preSolution
		HideSolutionNode = FALSE
	EndGlobalSection
	GlobalSection(ExtensibilityGlobals) = postSolution
		SolutionGuid = {3F81D90B-FA2B-4393-BB31-B6E958F4721C}
	EndGlobalSection
EndGlobal
